PODS:
  - AsyncDisplayKit (1.9.92):
    - AsyncDisplayKit/PINRemoteImage (= 1.9.92)
  - AsyncDisplayKit/ASDealloc2MainObject (1.9.92)
  - AsyncDisplayKit/Core (1.9.92):
    - AsyncDisplayKit/ASDealloc2MainObject
  - AsyncDisplayKit/PINRemoteImage (1.9.92):
    - AsyncDisplayKit/Core
    - PINCache (= 3.0.1-beta)
    - PINRemoteImage/iOS (= 3.0.0-beta.3)
  - PINCache (3.0.1-beta)
  - PINRemoteImage/Core (3.0.0-beta.3):
    - PINCache (>= 3.0.0-beta)
  - PINRemoteImage/iOS (3.0.0-beta.3):
    - PINRemoteImage/Core
  - SDWebImage (4.2.2):
    - SDWebImage/Core (= 4.2.2)
  - SDWebImage/Core (4.2.2)

DEPENDENCIES:
  - AsyncDisplayKit (~> 1.9.90)
  - SDWebImage

SPEC CHECKSUMS:
  AsyncDisplayKit: 49d94f5739669d666ff7cdc3430f43f0b2cfbeaf
  PINCache: 6911fe422a633e18b3d3ddf2bd4f0e55e36e2892
  PINRemoteImage: 308731aa6534500e58fc211b9cc2bb7252df25ba
  SDWebImage: 89a9d32cd520bbb46eb14e541d5109b3564af198

PODFILE CHECKSUM: 383452db503957a486c81d75dea8ddc11e301a2d

COCOAPODS: 1.4.0.rc.1
